
Microsoft Visual Studio Solution File, Format Version 12.00
Project("{FAE04EC0-301F-11D3-BF4B-00C04F79EFBC}") = "Mission4", "Mission4.csproj", "{BF5B40E6-AC26-4049-9659-BC87258F9C7F}"
EndProject
Global
	GlobalSection(SolutionConfigurationPlatforms) = preSolution
		Debug|Any CPU = Debug|Any CPU
		Release|Any CPU = Release|Any CPU
	EndGlobalSection
	GlobalSection(ProjectConfigurationPlatforms) = postSolution
		{BF5B40E6-AC26-4049-9659-BC87258F9C7F}.Debug|Any CPU.ActiveCfg = Debug|Any CPU
		{BF5B40E6-AC26-4049-9659-BC87258F9C7F}.Debug|Any CPU.Build.0 = Debug|Any CPU
		{BF5B40E6-AC26-4049-9659-BC87258F9C7F}.Release|Any CPU.ActiveCfg = Release|Any CPU
		{BF5B40E6-AC26-4049-9659-BC87258F9C7F}.Release|Any CPU.Build.0 = Release|Any CPU
	EndGlobalSection
EndGlobal
